{
  "name": "poc",
  "lockfileVersion": 2,
  "requires": true,
  "packages": {
    "": {
      "dependencies": {
        "svelte-router-spa": "^6.0.3"
      }
    },
    "node_modules/svelte": {
      "version": "3.48.0",
      "resolved": "https://registry.npmjs.org/svelte/-/svelte-3.48.0.tgz",
      "integrity": "sha512-fN2YRm/bGumvjUpu6yI3BpvZnpIm9I6A7HR4oUNYd7ggYyIwSA/BX7DJ+UXXffLp6XNcUijyLvttbPVCYa/3xQ==",
      "peer": true,
      "engines": {
        "node": ">= 8"
      }
    },
    "node_modules/svelte-router-spa": {
      "version": "6.0.3",
      "resolved": "https://registry.npmjs.org/svelte-router-spa/-/svelte-router-spa-6.0.3.tgz",
      "integrity": "sha512-aHgyUVVI/WjipQNmKcXpX0hFZtkW5Y6hwH5aXLr2P/aRQ/qlX8ZbKQJUwKjOD59p7tt/c+wqokiIt68N7aNuKQ==",
      "dependencies": {
        "url-params-parser": "^1.0.3"
      },
      "peerDependencies": {
        "svelte": "^3.36.0"
      }
    },
    "node_modules/url-params-parser": {
      "version": "1.0.4",
      "resolved": "https://registry.npmjs.org/url-params-parser/-/url-params-parser-1.0.4.tgz",
      "integrity": "sha512-0m6BqGpY2OetTZ3UPTLKkbTfUHigsX2YhrzORT9iYiyUJ/SP2WJ3cggg2YWtvMs36GPwK9Q44ffddyarniu2Tg=="
    }
  },
  "dependencies": {
    "svelte": {
      "version": "3.48.0",
      "resolved": "https://registry.npmjs.org/svelte/-/svelte-3.48.0.tgz",
      "integrity": "sha512-fN2YRm/bGumvjUpu6yI3BpvZnpIm9I6A7HR4oUNYd7ggYyIwSA/BX7DJ+UXXffLp6XNcUijyLvttbPVCYa/3xQ==",
      "peer": true
    },
    "svelte-router-spa": {
      "version": "6.0.3",
      "resolved": "https://registry.npmjs.org/svelte-router-spa/-/svelte-router-spa-6.0.3.tgz",
      "integrity": "sha512-aHgyUVVI/WjipQNmKcXpX0hFZtkW5Y6hwH5aXLr2P/aRQ/qlX8ZbKQJUwKjOD59p7tt/c+wqokiIt68N7aNuKQ==",
      "requires": {
        "url-params-parser": "^1.0.3"
      }
    },
    "url-params-parser": {
      "version": "1.0.4",
      "resolved": "https://registry.npmjs.org/url-params-parser/-/url-params-parser-1.0.4.tgz",
      "integrity": "sha512-0m6BqGpY2OetTZ3UPTLKkbTfUHigsX2YhrzORT9iYiyUJ/SP2WJ3cggg2YWtvMs36GPwK9Q44ffddyarniu2Tg=="
    }
  }
}
